
Microsoft Visual Studio Solution File, Format Version 12.00
# Visual Studio Version 17
VisualStudioVersion = 17.6.33723.286
MinimumVisualStudioVersion = 10.0.40219.1
Project("{8BC9CEB8-8B4A-11D0-8D11-00A0C91BC942}") = "CustomShell", "CustomShell\CustomShell.vcxproj", "{01476EE6-C509-40DC-A42F-1C3A84604D63}"
EndProject
Project("{8BC9CEB8-8B4A-11D0-8D11-00A0C91BC942}") = "imrsivAdder", "imrsivAdder\imrsivAdder.vcxproj", "{3BCB72AD-8817-4C93-8D90-CA45EA9C8539}"
EndProject
Project("{8BC9CEB8-8B4A-11D0-8D11-00A0C91BC942}") = "KMDF Driver1", "KMDF Driver1\KMDF Driver1.vcxproj", "{CE709837-025B-4BCF-A0FD-DB0716B00DA2}"
EndProject
Global
	GlobalSection(SolutionConfigurationPlatforms) = preSolution
		Debug|ARM64 = Debug|ARM64
		Debug|x64 = Debug|x64
		Debug|x86 = Debug|x86
		Release|ARM64 = Release|ARM64
		Release|x64 = Release|x64
		Release|x86 = Release|x86
	EndGlobalSection
	GlobalSection(ProjectConfigurationPlatforms) = postSolution
		{01476EE6-C509-40DC-A42F-1C3A84604D63}.Debug|ARM64.ActiveCfg = Debug|x64
		{01476EE6-C509-40DC-A42F-1C3A84604D63}.Debug|ARM64.Build.0 = Debug|x64
		{01476EE6-C509-40DC-A42F-1C3A84604D63}.Debug|x64.ActiveCfg = Debug|x64
		{01476EE6-C509-40DC-A42F-1C3A84604D63}.Debug|x64.Build.0 = Debug|x64
		{01476EE6-C509-40DC-A42F-1C3A84604D63}.Debug|x86.ActiveCfg = Debug|Win32
		{01476EE6-C509-40DC-A42F-1C3A84604D63}.Debug|x86.Build.0 = Debug|Win32
		{01476EE6-C509-40DC-A42F-1C3A84604D63}.Release|ARM64.ActiveCfg = Release|x64
		{01476EE6-C509-40DC-A42F-1C3A84604D63}.Release|ARM64.Build.0 = Release|x64
		{01476EE6-C509-40DC-A42F-1C3A84604D63}.Release|x64.ActiveCfg = Release|x64
		{01476EE6-C509-40DC-A42F-1C3A84604D63}.Release|x64.Build.0 = Release|x64
		{01476EE6-C509-40DC-A42F-1C3A84604D63}.Release|x86.ActiveCfg = Release|Win32
		{01476EE6-C509-40DC-A42F-1C3A84604D63}.Release|x86.Build.0 = Release|Win32
		{3BCB72AD-8817-4C93-8D90-CA45EA9C8539}.Debug|ARM64.ActiveCfg = Debug|x64
		{3BCB72AD-8817-4C93-8D90-CA45EA9C8539}.Debug|ARM64.Build.0 = Debug|x64
		{3BCB72AD-8817-4C93-8D90-CA45EA9C8539}.Debug|x64.ActiveCfg = Debug|x64
		{3BCB72AD-8817-4C93-8D90-CA45EA9C8539}.Debug|x64.Build.0 = Debug|x64
		{3BCB72AD-8817-4C93-8D90-CA45EA9C8539}.Debug|x86.ActiveCfg = Debug|Win32
		{3BCB72AD-8817-4C93-8D90-CA45EA9C8539}.Debug|x86.Build.0 = Debug|Win32
		{3BCB72AD-8817-4C93-8D90-CA45EA9C8539}.Release|ARM64.ActiveCfg = Release|x64
		{3BCB72AD-8817-4C93-8D90-CA45EA9C8539}.Release|ARM64.Build.0 = Release|x64
		{3BCB72AD-8817-4C93-8D90-CA45EA9C8539}.Release|x64.ActiveCfg = Release|x64
		{3BCB72AD-8817-4C93-8D90-CA45EA9C8539}.Release|x64.Build.0 = Release|x64
		{3BCB72AD-8817-4C93-8D90-CA45EA9C8539}.Release|x86.ActiveCfg = Release|Win32
		{3BCB72AD-8817-4C93-8D90-CA45EA9C8539}.Release|x86.Build.0 = Release|Win32
		{CE709837-025B-4BCF-A0FD-DB0716B00DA2}.Debug|ARM64.ActiveCfg = Debug|ARM64
		{CE709837-025B-4BCF-A0FD-DB0716B00DA2}.Debug|ARM64.Build.0 = Debug|ARM64
		{CE709837-025B-4BCF-A0FD-DB0716B00DA2}.Debug|ARM64.Deploy.0 = Debug|ARM64
		{CE709837-025B-4BCF-A0FD-DB0716B00DA2}.Debug|x64.ActiveCfg = Debug|x64
		{CE709837-025B-4BCF-A0FD-DB0716B00DA2}.Debug|x64.Build.0 = Debug|x64
		{CE709837-025B-4BCF-A0FD-DB0716B00DA2}.Debug|x64.Deploy.0 = Debug|x64
		{CE709837-025B-4BCF-A0FD-DB0716B00DA2}.Debug|x86.ActiveCfg = Debug|x64
		{CE709837-025B-4BCF-A0FD-DB0716B00DA2}.Debug|x86.Build.0 = Debug|x64
		{CE709837-025B-4BCF-A0FD-DB0716B00DA2}.Debug|x86.Deploy.0 = Debug|x64
		{CE709837-025B-4BCF-A0FD-DB0716B00DA2}.Release|ARM64.ActiveCfg = Release|ARM64
		{CE709837-025B-4BCF-A0FD-DB0716B00DA2}.Release|ARM64.Build.0 = Release|ARM64
		{CE709837-025B-4BCF-A0FD-DB0716B00DA2}.Release|ARM64.Deploy.0 = Release|ARM64
		{CE709837-025B-4BCF-A0FD-DB0716B00DA2}.Release|x64.ActiveCfg = Release|x64
		{CE709837-025B-4BCF-A0FD-DB0716B00DA2}.Release|x64.Build.0 = Release|x64
		{CE709837-025B-4BCF-A0FD-DB0716B00DA2}.Release|x64.Deploy.0 = Release|x64
		{CE709837-025B-4BCF-A0FD-DB0716B00DA2}.Release|x86.ActiveCfg = Release|x64
		{CE709837-025B-4BCF-A0FD-DB0716B00DA2}.Release|x86.Build.0 = Release|x64
		{CE709837-025B-4BCF-A0FD-DB0716B00DA2}.Release|x86.Deploy.0 = Release|x64
	EndGlobalSection
	GlobalSection(SolutionProperties) = preSolution
		HideSolutionNode = FALSE
	EndGlobalSection
	GlobalSection(ExtensibilityGlobals) = postSolution
		SolutionGuid = {ACD7C123-4B9A-4CD8-BE5B-B59DA77E81ED}
	EndGlobalSection
EndGlobal
