
Microsoft Visual Studio Solution File, Format Version 12.00
# Visual Studio Version 17
VisualStudioVersion = 17.6.33723.286
MinimumVisualStudioVersion = 10.0.40219.1
Project("{8BC9CEB8-8B4A-11D0-8D11-00A0C91BC942}") = "CustomShellTest", "CustomShell\CustomShell.vcxproj", "{01476EE6-C509-40DC-A42F-1C3A84604D63}"
EndProject
Project("{8BC9CEB8-8B4A-11D0-8D11-00A0C91BC942}") = "IAMPatchDriver", "IAMPatchDriver\IAMPatchDriver.vcxproj", "{CE709837-025B-4BCF-A0FD-DB0716B00DA2}"
EndProject
Project("{8BC9CEB8-8B4A-11D0-8D11-00A0C91BC942}") = "CSShellDLL", "CSShellDLL\CSShellDLL.vcxproj", "{DEEE9598-648E-479E-9778-A0EE185CB20A}"
EndProject
Project("{FAE04EC0-301F-11D3-BF4B-00C04F79EFBC}") = "CSShellManaged", "CSShellManaged\CSShellManaged.csproj", "{83C46E4A-986E-43C9-81A4-F4D5979E5488}"
EndProject
Global
	GlobalSection(SolutionConfigurationPlatforms) = preSolution
		Debug|Any CPU = Debug|Any CPU
		Debug|ARM64 = Debug|ARM64
		Debug|x64 = Debug|x64
		Debug|x86 = Debug|x86
		Release|Any CPU = Release|Any CPU
		Release|ARM64 = Release|ARM64
		Release|x64 = Release|x64
		Release|x86 = Release|x86
	EndGlobalSection
	GlobalSection(ProjectConfigurationPlatforms) = postSolution
		{01476EE6-C509-40DC-A42F-1C3A84604D63}.Debug|Any CPU.ActiveCfg = Debug|x64
		{01476EE6-C509-40DC-A42F-1C3A84604D63}.Debug|Any CPU.Build.0 = Debug|x64
		{01476EE6-C509-40DC-A42F-1C3A84604D63}.Debug|ARM64.ActiveCfg = Debug|x64
		{01476EE6-C509-40DC-A42F-1C3A84604D63}.Debug|ARM64.Build.0 = Debug|x64
		{01476EE6-C509-40DC-A42F-1C3A84604D63}.Debug|x64.ActiveCfg = Debug|x64
		{01476EE6-C509-40DC-A42F-1C3A84604D63}.Debug|x64.Build.0 = Debug|x64
		{01476EE6-C509-40DC-A42F-1C3A84604D63}.Debug|x86.ActiveCfg = Debug|Win32
		{01476EE6-C509-40DC-A42F-1C3A84604D63}.Debug|x86.Build.0 = Debug|Win32
		{01476EE6-C509-40DC-A42F-1C3A84604D63}.Release|Any CPU.ActiveCfg = Release|x64
		{01476EE6-C509-40DC-A42F-1C3A84604D63}.Release|Any CPU.Build.0 = Release|x64
		{01476EE6-C509-40DC-A42F-1C3A84604D63}.Release|ARM64.ActiveCfg = Release|x64
		{01476EE6-C509-40DC-A42F-1C3A84604D63}.Release|ARM64.Build.0 = Release|x64
		{01476EE6-C509-40DC-A42F-1C3A84604D63}.Release|x64.ActiveCfg = Release|x64
		{01476EE6-C509-40DC-A42F-1C3A84604D63}.Release|x64.Build.0 = Release|x64
		{01476EE6-C509-40DC-A42F-1C3A84604D63}.Release|x86.ActiveCfg = Release|Win32
		{01476EE6-C509-40DC-A42F-1C3A84604D63}.Release|x86.Build.0 = Release|Win32
		{CE709837-025B-4BCF-A0FD-DB0716B00DA2}.Debug|Any CPU.ActiveCfg = Debug|x64
		{CE709837-025B-4BCF-A0FD-DB0716B00DA2}.Debug|Any CPU.Build.0 = Debug|x64
		{CE709837-025B-4BCF-A0FD-DB0716B00DA2}.Debug|Any CPU.Deploy.0 = Debug|x64
		{CE709837-025B-4BCF-A0FD-DB0716B00DA2}.Debug|ARM64.ActiveCfg = Debug|ARM64
		{CE709837-025B-4BCF-A0FD-DB0716B00DA2}.Debug|ARM64.Build.0 = Debug|ARM64
		{CE709837-025B-4BCF-A0FD-DB0716B00DA2}.Debug|ARM64.Deploy.0 = Debug|ARM64
		{CE709837-025B-4BCF-A0FD-DB0716B00DA2}.Debug|x64.ActiveCfg = Debug|x64
		{CE709837-025B-4BCF-A0FD-DB0716B00DA2}.Debug|x86.ActiveCfg = Debug|x64
		{CE709837-025B-4BCF-A0FD-DB0716B00DA2}.Debug|x86.Build.0 = Debug|x64
		{CE709837-025B-4BCF-A0FD-DB0716B00DA2}.Debug|x86.Deploy.0 = Debug|x64
		{CE709837-025B-4BCF-A0FD-DB0716B00DA2}.Release|Any CPU.ActiveCfg = Release|x64
		{CE709837-025B-4BCF-A0FD-DB0716B00DA2}.Release|Any CPU.Build.0 = Release|x64
		{CE709837-025B-4BCF-A0FD-DB0716B00DA2}.Release|Any CPU.Deploy.0 = Release|x64
		{CE709837-025B-4BCF-A0FD-DB0716B00DA2}.Release|ARM64.ActiveCfg = Release|ARM64
		{CE709837-025B-4BCF-A0FD-DB0716B00DA2}.Release|ARM64.Build.0 = Release|ARM64
		{CE709837-025B-4BCF-A0FD-DB0716B00DA2}.Release|ARM64.Deploy.0 = Release|ARM64
		{CE709837-025B-4BCF-A0FD-DB0716B00DA2}.Release|x64.ActiveCfg = Release|x64
		{CE709837-025B-4BCF-A0FD-DB0716B00DA2}.Release|x64.Build.0 = Release|x64
		{CE709837-025B-4BCF-A0FD-DB0716B00DA2}.Release|x64.Deploy.0 = Release|x64
		{CE709837-025B-4BCF-A0FD-DB0716B00DA2}.Release|x86.ActiveCfg = Release|x64
		{CE709837-025B-4BCF-A0FD-DB0716B00DA2}.Release|x86.Build.0 = Release|x64
		{CE709837-025B-4BCF-A0FD-DB0716B00DA2}.Release|x86.Deploy.0 = Release|x64
		{DEEE9598-648E-479E-9778-A0EE185CB20A}.Debug|Any CPU.ActiveCfg = Debug|x64
		{DEEE9598-648E-479E-9778-A0EE185CB20A}.Debug|Any CPU.Build.0 = Debug|x64
		{DEEE9598-648E-479E-9778-A0EE185CB20A}.Debug|ARM64.ActiveCfg = Debug|x64
		{DEEE9598-648E-479E-9778-A0EE185CB20A}.Debug|ARM64.Build.0 = Debug|x64
		{DEEE9598-648E-479E-9778-A0EE185CB20A}.Debug|x64.ActiveCfg = Debug|x64
		{DEEE9598-648E-479E-9778-A0EE185CB20A}.Debug|x64.Build.0 = Debug|x64
		{DEEE9598-648E-479E-9778-A0EE185CB20A}.Debug|x86.ActiveCfg = Debug|Win32
		{DEEE9598-648E-479E-9778-A0EE185CB20A}.Debug|x86.Build.0 = Debug|Win32
		{DEEE9598-648E-479E-9778-A0EE185CB20A}.Release|Any CPU.ActiveCfg = Release|x64
		{DEEE9598-648E-479E-9778-A0EE185CB20A}.Release|Any CPU.Build.0 = Release|x64
		{DEEE9598-648E-479E-9778-A0EE185CB20A}.Release|ARM64.ActiveCfg = Release|x64
		{DEEE9598-648E-479E-9778-A0EE185CB20A}.Release|ARM64.Build.0 = Release|x64
		{DEEE9598-648E-479E-9778-A0EE185CB20A}.Release|x64.ActiveCfg = Release|x64
		{DEEE9598-648E-479E-9778-A0EE185CB20A}.Release|x64.Build.0 = Release|x64
		{DEEE9598-648E-479E-9778-A0EE185CB20A}.Release|x86.ActiveCfg = Release|Win32
		{DEEE9598-648E-479E-9778-A0EE185CB20A}.Release|x86.Build.0 = Release|Win32
		{83C46E4A-986E-43C9-81A4-F4D5979E5488}.Debug|Any CPU.ActiveCfg = Debug|Any CPU
		{83C46E4A-986E-43C9-81A4-F4D5979E5488}.Debug|Any CPU.Build.0 = Debug|Any CPU
		{83C46E4A-986E-43C9-81A4-F4D5979E5488}.Debug|ARM64.ActiveCfg = Debug|Any CPU
		{83C46E4A-986E-43C9-81A4-F4D5979E5488}.Debug|ARM64.Build.0 = Debug|Any CPU
		{83C46E4A-986E-43C9-81A4-F4D5979E5488}.Debug|x64.ActiveCfg = Debug|Any CPU
		{83C46E4A-986E-43C9-81A4-F4D5979E5488}.Debug|x64.Build.0 = Debug|Any CPU
		{83C46E4A-986E-43C9-81A4-F4D5979E5488}.Debug|x86.ActiveCfg = Debug|Any CPU
		{83C46E4A-986E-43C9-81A4-F4D5979E5488}.Debug|x86.Build.0 = Debug|Any CPU
		{83C46E4A-986E-43C9-81A4-F4D5979E5488}.Release|Any CPU.ActiveCfg = Release|Any CPU
		{83C46E4A-986E-43C9-81A4-F4D5979E5488}.Release|Any CPU.Build.0 = Release|Any CPU
		{83C46E4A-986E-43C9-81A4-F4D5979E5488}.Release|ARM64.ActiveCfg = Release|Any CPU
		{83C46E4A-986E-43C9-81A4-F4D5979E5488}.Release|ARM64.Build.0 = Release|Any CPU
		{83C46E4A-986E-43C9-81A4-F4D5979E5488}.Release|x64.ActiveCfg = Release|Any CPU
		{83C46E4A-986E-43C9-81A4-F4D5979E5488}.Release|x64.Build.0 = Release|Any CPU
		{83C46E4A-986E-43C9-81A4-F4D5979E5488}.Release|x86.ActiveCfg = Release|Any CPU
		{83C46E4A-986E-43C9-81A4-F4D5979E5488}.Release|x86.Build.0 = Release|Any CPU
	EndGlobalSection
	GlobalSection(SolutionProperties) = preSolution
		HideSolutionNode = FALSE
	EndGlobalSection
	GlobalSection(ExtensibilityGlobals) = postSolution
		SolutionGuid = {ACD7C123-4B9A-4CD8-BE5B-B59DA77E81ED}
	EndGlobalSection
EndGlobal
